
Microsoft Visual Studio Solution File, Format Version 12.00
# Visual Studio Version 17
VisualStudioVersion = 17.0.31903.59
MinimumVisualStudioVersion = 10.0.40219.1
Project("{FAE04EC0-301F-11D3-BF4B-00C04F79EFBC}") = "KT10_1", "KT10_1\KT10_1.csproj", "{A759844A-D76B-492A-8432-C870CC5347EC}"
EndProject
Project("{FAE04EC0-301F-11D3-BF4B-00C04F79EFBC}") = "KT10_2", "KT10_2\KT10_2.csproj", "{3E09A502-C7FD-4B4D-BAFB-C0E229F0A9E3}"
EndProject
Project("{FAE04EC0-301F-11D3-BF4B-00C04F79EFBC}") = "KT10_3", "KT10_3\KT10_3.csproj", "{85EC714A-700D-491C-8A64-A28DDD2BE851}"
EndProject
Global
	GlobalSection(SolutionConfigurationPlatforms) = preSolution
		Debug|Any CPU = Debug|Any CPU
		Release|Any CPU = Release|Any CPU
	EndGlobalSection
	GlobalSection(SolutionProperties) = preSolution
		HideSolutionNode = FALSE
	EndGlobalSection
	GlobalSection(ProjectConfigurationPlatforms) = postSolution
		{A759844A-D76B-492A-8432-C870CC5347EC}.Debug|Any CPU.ActiveCfg = Debug|Any CPU
		{A759844A-D76B-492A-8432-C870CC5347EC}.Debug|Any CPU.Build.0 = Debug|Any CPU
		{A759844A-D76B-492A-8432-C870CC5347EC}.Release|Any CPU.ActiveCfg = Release|Any CPU
		{A759844A-D76B-492A-8432-C870CC5347EC}.Release|Any CPU.Build.0 = Release|Any CPU
		{3E09A502-C7FD-4B4D-BAFB-C0E229F0A9E3}.Debug|Any CPU.ActiveCfg = Debug|Any CPU
		{3E09A502-C7FD-4B4D-BAFB-C0E229F0A9E3}.Debug|Any CPU.Build.0 = Debug|Any CPU
		{3E09A502-C7FD-4B4D-BAFB-C0E229F0A9E3}.Release|Any CPU.ActiveCfg = Release|Any CPU
		{3E09A502-C7FD-4B4D-BAFB-C0E229F0A9E3}.Release|Any CPU.Build.0 = Release|Any CPU
		{85EC714A-700D-491C-8A64-A28DDD2BE851}.Debug|Any CPU.ActiveCfg = Debug|Any CPU
		{85EC714A-700D-491C-8A64-A28DDD2BE851}.Debug|Any CPU.Build.0 = Debug|Any CPU
		{85EC714A-700D-491C-8A64-A28DDD2BE851}.Release|Any CPU.ActiveCfg = Release|Any CPU
		{85EC714A-700D-491C-8A64-A28DDD2BE851}.Release|Any CPU.Build.0 = Release|Any CPU
	EndGlobalSection
EndGlobal
